// !$*UTF8*$!
{
	archiveVersion = 1;
	classes = {
	};
	objectVersion = 46;
	objects = {

/* Begin PBXBuildFile section */
		BE05D1C41ABC71AC00C3DE8B /* main.m in Sources */ = {isa = PBXBuildFile; fileRef = BE05D1C31ABC71AC00C3DE8B /* main.m */; };
		BE05D1C71ABC71AC00C3DE8B /* AppDelegate.m in Sources */ = {isa = PBXBuildFile; fileRef = BE05D1C61ABC71AC00C3DE8B /* AppDelegate.m */; };
		BE05D1CF1ABC71AC00C3DE8B /* Images.xcassets in Resources */ = {isa = PBXBuildFile; fileRef = BE05D1CE1ABC71AC00C3DE8B /* Images.xcassets */; };
		BE05D1D21ABC71AC00C3DE8B /* LaunchScreen.xib in Resources */ = {isa = PBXBuildFile; fileRef = BE05D1D01ABC71AC00C3DE8B /* LaunchScreen.xib */; };
		BE05D1DE1ABC71AC00C3DE8B /* MermanTests.m in Sources */ = {isa = PBXBuildFile; fileRef = BE05D1DD1ABC71AC00C3DE8B /* MermanTests.m */; };
		BE879FC11BA3C77D00F42923 /* TheRockShow.mp3 in Resources */ = {isa = PBXBuildFile; fileRef = BE879FC01BA3C77D00F42923 /* TheRockShow.mp3 */; };
		BE8BE9A71BA32452006D6FE0 /* StoryViewController.m in Sources */ = {isa = PBXBuildFile; fileRef = BE8BE9A51BA32452006D6FE0 /* StoryViewController.m */; };
		BE8BE9A81BA32452006D6FE0 /* StoryViewController.xib in Resources */ = {isa = PBXBuildFile; fileRef = BE8BE9A61BA32452006D6FE0 /* StoryViewController.xib */; };
		BE8BE9AB1BA32EFD006D6FE0 /* Story.m in Sources */ = {isa = PBXBuildFile; fileRef = BE8BE9AA1BA32EFD006D6FE0 /* Story.m */; };
		BE8BE9AE1BA330A7006D6FE0 /* Page.m in Sources */ = {isa = PBXBuildFile; fileRef = BE8BE9AD1BA330A7006D6FE0 /* Page.m */; };
		BE8BE9B11BA335AD006D6FE0 /* Mermaid Swash Caps.ttf in Resources */ = {isa = PBXBuildFile; fileRef = BE8BE9AF1BA335AD006D6FE0 /* Mermaid Swash Caps.ttf */; };
		BE8BE9B21BA335AD006D6FE0 /* Mermaid1001.ttf in Resources */ = {isa = PBXBuildFile; fileRef = BE8BE9B01BA335AD006D6FE0 /* Mermaid1001.ttf */; };
		BE8BE9B51BA34315006D6FE0 /* SpeechArrowView.m in Sources */ = {isa = PBXBuildFile; fileRef = BE8BE9B41BA34315006D6FE0 /* SpeechArrowView.m */; };
/* End PBXBuildFile section */

/* Begin PBXContainerItemProxy section */
		BE05D1D81ABC71AC00C3DE8B /* PBXContainerItemProxy */ = {
			isa = PBXContainerItemProxy;
			containerPortal = BE05D1B61ABC71AC00C3DE8B /* Project object */;
			proxyType = 1;
			remoteGlobalIDString = BE05D1BD1ABC71AC00C3DE8B;
			remoteInfo = Merman;
		};
/* End PBXContainerItemProxy section */

/* Begin PBXFileReference section */
		BE05D1BE1ABC71AC00C3DE8B /* Merman.app */ = {isa = PBXFileReference; explicitFileType = wrapper.application; includeInIndex = 0; path = Merman.app; sourceTree = BUILT_PRODUCTS_DIR; };
		BE05D1C21ABC71AC00C3DE8B /* Info.plist */ = {isa = PBXFileReference; lastKnownFileType = text.plist.xml; path = Info.plist; sourceTree = "<group>"; };
		BE05D1C31ABC71AC00C3DE8B /* main.m */ = {isa = PBXFileReference; lastKnownFileType = sourcecode.c.objc; path = main.m; sourceTree = "<group>"; };
		BE05D1C51ABC71AC00C3DE8B /* AppDelegate.h */ = {isa = PBXFileReference; lastKnownFileType = sourcecode.c.h; path = AppDelegate.h; sourceTree = "<group>"; };
		BE05D1C61ABC71AC00C3DE8B /* AppDelegate.m */ = {isa = PBXFileReference; lastKnownFileType = sourcecode.c.objc; path = AppDelegate.m; sourceTree = "<group>"; };
		BE05D1CE1ABC71AC00C3DE8B /* Images.xcassets */ = {isa = PBXFileReference; lastKnownFileType = folder.assetcatalog; path = Images.xcassets; sourceTree = "<group>"; };
		BE05D1D11ABC71AC00C3DE8B /* Base */ = {isa = PBXFileReference; lastKnownFileType = file.xib; name = Base; path = Base.lproj/LaunchScreen.xib; sourceTree = "<group>"; };
		BE05D1D71ABC71AC00C3DE8B /* MermanTests.xctest */ = {isa = PBXFileReference; explicitFileType = wrapper.cfbundle; includeInIndex = 0; path = MermanTests.xctest; sourceTree = BUILT_PRODUCTS_DIR; };
		BE05D1DC1ABC71AC00C3DE8B /* Info.plist */ = {isa = PBXFileReference; lastKnownFileType = text.plist.xml; path = Info.plist; sourceTree = "<group>"; };
		BE05D1DD1ABC71AC00C3DE8B /* MermanTests.m */ = {isa = PBXFileReference; lastKnownFileType = sourcecode.c.objc; path = MermanTests.m; sourceTree = "<group>"; };
		BE879FC01BA3C77D00F42923 /* TheRockShow.mp3 */ = {isa = PBXFileReference; lastKnownFileType = audio.mp3; path = TheRockShow.mp3; sourceTree = "<group>"; };
		BE8BE9A41BA32452006D6FE0 /* StoryViewController.h */ = {isa = PBXFileReference; fileEncoding = 4; lastKnownFileType = sourcecode.c.h; path = StoryViewController.h; sourceTree = "<group>"; };
		BE8BE9A51BA32452006D6FE0 /* StoryViewController.m */ = {isa = PBXFileReference; fileEncoding = 4; lastKnownFileType = sourcecode.c.objc; path = StoryViewController.m; sourceTree = "<group>"; };
		BE8BE9A61BA32452006D6FE0 /* StoryViewController.xib */ = {isa = PBXFileReference; fileEncoding = 4; lastKnownFileType = file.xib; path = StoryViewController.xib; sourceTree = "<group>"; };
		BE8BE9A91BA32EFD006D6FE0 /* Story.h */ = {isa = PBXFileReference; fileEncoding = 4; lastKnownFileType = sourcecode.c.h; path = Story.h; sourceTree = "<group>"; };
		BE8BE9AA1BA32EFD006D6FE0 /* Story.m */ = {isa = PBXFileReference; fileEncoding = 4; lastKnownFileType = sourcecode.c.objc; path = Story.m; sourceTree = "<group>"; };
		BE8BE9AC1BA330A7006D6FE0 /* Page.h */ = {isa = PBXFileReference; fileEncoding = 4; lastKnownFileType = sourcecode.c.h; path = Page.h; sourceTree = "<group>"; };
		BE8BE9AD1BA330A7006D6FE0 /* Page.m */ = {isa = PBXFileReference; fileEncoding = 4; lastKnownFileType = sourcecode.c.objc; path = Page.m; sourceTree = "<group>"; };
		BE8BE9AF1BA335AD006D6FE0 /* Mermaid Swash Caps.ttf */ = {isa = PBXFileReference; lastKnownFileType = file; path = "Mermaid Swash Caps.ttf"; sourceTree = "<group>"; };
		BE8BE9B01BA335AD006D6FE0 /* Mermaid1001.ttf */ = {isa = PBXFileReference; lastKnownFileType = file; path = Mermaid1001.ttf; sourceTree = "<group>"; };
		BE8BE9B31BA34315006D6FE0 /* SpeechArrowView.h */ = {isa = PBXFileReference; fileEncoding = 4; lastKnownFileType = sourcecode.c.h; path = SpeechArrowView.h; sourceTree = "<group>"; };
		BE8BE9B41BA34315006D6FE0 /* SpeechArrowView.m */ = {isa = PBXFileReference; fileEncoding = 4; lastKnownFileType = sourcecode.c.objc; path = SpeechArrowView.m; sourceTree = "<group>"; };
/* End PBXFileReference section */

/* Begin PBXFrameworksBuildPhase section */
		BE05D1BB1ABC71AC00C3DE8B /* Frameworks */ = {
			isa = PBXFrameworksBuildPhase;
			buildActionMask = 2147483647;
			files = (
			);
			runOnlyForDeploymentPostprocessing = 0;
		};
		BE05D1D41ABC71AC00C3DE8B /* Frameworks */ = {
			isa = PBXFrameworksBuildPhase;
			buildActionMask = 2147483647;
			files = (
			);
			runOnlyForDeploymentPostprocessing = 0;
		};
/* End PBXFrameworksBuildPhase section */

/* Begin PBXGroup section */
		BE05D1B51ABC71AC00C3DE8B = {
			isa = PBXGroup;
			children = (
				BE05D1C01ABC71AC00C3DE8B /* Merman */,
				BE05D1DA1ABC71AC00C3DE8B /* MermanTests */,
				BE05D1BF1ABC71AC00C3DE8B /* Products */,
			);
			sourceTree = "<group>";
		};
		BE05D1BF1ABC71AC00C3DE8B /* Products */ = {
			isa = PBXGroup;
			children = (
				BE05D1BE1ABC71AC00C3DE8B /* Merman.app */,
				BE05D1D71ABC71AC00C3DE8B /* MermanTests.xctest */,
			);
			name = Products;
			sourceTree = "<group>";
		};
		BE05D1C01ABC71AC00C3DE8B /* Merman */ = {
			isa = PBXGroup;
			children = (
				BE879FC01BA3C77D00F42923 /* TheRockShow.mp3 */,
				BE8BE9AF1BA335AD006D6FE0 /* Mermaid Swash Caps.ttf */,
				BE8BE9B01BA335AD006D6FE0 /* Mermaid1001.ttf */,
				BE05D1CE1ABC71AC00C3DE8B /* Images.xcassets */,
				BE05D1D01ABC71AC00C3DE8B /* LaunchScreen.xib */,
				BE8BE9B61BA343B1006D6FE0 /* src */,
				BE05D1C11ABC71AC00C3DE8B /* Supporting Files */,
			);
			path = Merman;
			sourceTree = "<group>";
		};
		BE05D1C11ABC71AC00C3DE8B /* Supporting Files */ = {
			isa = PBXGroup;
			children = (
				BE05D1C21ABC71AC00C3DE8B /* Info.plist */,
				BE05D1C31ABC71AC00C3DE8B /* main.m */,
			);
			name = "Supporting Files";
			sourceTree = "<group>";
		};
		BE05D1DA1ABC71AC00C3DE8B /* MermanTests */ = {
			isa = PBXGroup;
			children = (
				BE05D1DD1ABC71AC00C3DE8B /* MermanTests.m */,
				BE05D1DB1ABC71AC00C3DE8B /* Supporting Files */,
			);
			path = MermanTests;
			sourceTree = "<group>";
		};
		BE05D1DB1ABC71AC00C3DE8B /* Supporting Files */ = {
			isa = PBXGroup;
			children = (
				BE05D1DC1ABC71AC00C3DE8B /* Info.plist */,
			);
			name = "Supporting Files";
			sourceTree = "<group>";
		};
		BE8BE9B61BA343B1006D6FE0 /* src */ = {
			isa = PBXGroup;
			children = (
				BE05D1C51ABC71AC00C3DE8B /* AppDelegate.h */,
				BE05D1C61ABC71AC00C3DE8B /* AppDelegate.m */,
				BE8BE9A91BA32EFD006D6FE0 /* Story.h */,
				BE8BE9AA1BA32EFD006D6FE0 /* Story.m */,
				BE8BE9AC1BA330A7006D6FE0 /* Page.h */,
				BE8BE9AD1BA330A7006D6FE0 /* Page.m */,
				BE8BE9B31BA34315006D6FE0 /* SpeechArrowView.h */,
				BE8BE9B41BA34315006D6FE0 /* SpeechArrowView.m */,
				BE8BE9A41BA32452006D6FE0 /* StoryViewController.h */,
				BE8BE9A51BA32452006D6FE0 /* StoryViewController.m */,
				BE8BE9A61BA32452006D6FE0 /* StoryViewController.xib */,
			);
			name = src;
			sourceTree = "<group>";
		};
/* End PBXGroup section */

/* Begin PBXNativeTarget section */
		BE05D1BD1ABC71AC00C3DE8B /* Merman */ = {
			isa = PBXNativeTarget;
			buildConfigurationList = BE05D1E11ABC71AC00C3DE8B /* Build configuration list for PBXNativeTarget "Merman" */;
			buildPhases = (
				BE05D1BA1ABC71AC00C3DE8B /* Sources */,
				BE05D1BB1ABC71AC00C3DE8B /* Frameworks */,
				BE05D1BC1ABC71AC00C3DE8B /* Resources */,
			);
			buildRules = (
			);
			dependencies = (
			);
			name = Merman;
			productName = Merman;
			productReference = BE05D1BE1ABC71AC00C3DE8B /* Merman.app */;
			productType = "com.apple.product-type.application";
		};
		BE05D1D61ABC71AC00C3DE8B /* MermanTests */ = {
			isa = PBXNativeTarget;
			buildConfigurationList = BE05D1E41ABC71AC00C3DE8B /* Build configuration list for PBXNativeTarget "MermanTests" */;
			buildPhases = (
				BE05D1D31ABC71AC00C3DE8B /* Sources */,
				BE05D1D41ABC71AC00C3DE8B /* Frameworks */,
				BE05D1D51ABC71AC00C3DE8B /* Resources */,
			);
			buildRules = (
			);
			dependencies = (
				BE05D1D91ABC71AC00C3DE8B /* PBXTargetDependency */,
			);
			name = MermanTests;
			productName = MermanTests;
			productReference = BE05D1D71ABC71AC00C3DE8B /* MermanTests.xctest */;
			productType = "com.apple.product-type.bundle.unit-test";
		};
/* End PBXNativeTarget section */

/* Begin PBXProject section */
		BE05D1B61ABC71AC00C3DE8B /* Project object */ = {
			isa = PBXProject;
			attributes = {
				LastUpgradeCheck = 0610;
				ORGANIZATIONNAME = Sleepy;
				TargetAttributes = {
					BE05D1BD1ABC71AC00C3DE8B = {
						CreatedOnToolsVersion = 6.1.1;
					};
					BE05D1D61ABC71AC00C3DE8B = {
						CreatedOnToolsVersion = 6.1.1;
						TestTargetID = BE05D1BD1ABC71AC00C3DE8B;
					};
				};
			};
			buildConfigurationList = BE05D1B91ABC71AC00C3DE8B /* Build configuration list for PBXProject "Merman" */;
			compatibilityVersion = "Xcode 3.2";
			developmentRegion = English;
			hasScannedForEncodings = 0;
			knownRegions = (
				en,
				Base,
			);
			mainGroup = BE05D1B51ABC71AC00C3DE8B;
			productRefGroup = BE05D1BF1ABC71AC00C3DE8B /* Products */;
			projectDirPath = "";
			projectRoot = "";
			targets = (
				BE05D1BD1ABC71AC00C3DE8B /* Merman */,
				BE05D1D61ABC71AC00C3DE8B /* MermanTests */,
			);
		};
/* End PBXProject section */

/* Begin PBXResourcesBuildPhase section */
		BE05D1BC1ABC71AC00C3DE8B /* Resources */ = {
			isa = PBXResourcesBuildPhase;
			buildActionMask = 2147483647;
			files = (
				BE05D1D21ABC71AC00C3DE8B /* LaunchScreen.xib in Resources */,
				BE05D1CF1ABC71AC00C3DE8B /* Images.xcassets in Resources */,
				BE8BE9B11BA335AD006D6FE0 /* Mermaid Swash Caps.ttf in Resources */,
				BE8BE9A81BA32452006D6FE0 /* StoryViewController.xib in Resources */,
				BE8BE9B21BA335AD006D6FE0 /* Mermaid1001.ttf in Resources */,
				BE879FC11BA3C77D00F42923 /* TheRockShow.mp3 in Resources */,
			);
			runOnlyForDeploymentPostprocessing = 0;
		};
		BE05D1D51ABC71AC00C3DE8B /* Resources */ = {
			isa = PBXResourcesBuildPhase;
			buildActionMask = 2147483647;
			files = (
			);
			runOnlyForDeploymentPostprocessing = 0;
		};
/* End PBXResourcesBuildPhase section */

/* Begin PBXSourcesBuildPhase section */
		BE05D1BA1ABC71AC00C3DE8B /* Sources */ = {
			isa = PBXSourcesBuildPhase;
			buildActionMask = 2147483647;
			files = (
				BE8BE9B51BA34315006D6FE0 /* SpeechArrowView.m in Sources */,
				BE8BE9AE1BA330A7006D6FE0 /* Page.m in Sources */,
				BE05D1C71ABC71AC00C3DE8B /* AppDelegate.m in Sources */,
				BE05D1C41ABC71AC00C3DE8B /* main.m in Sources */,
				BE8BE9A71BA32452006D6FE0 /* StoryViewController.m in Sources */,
				BE8BE9AB1BA32EFD006D6FE0 /* Story.m in Sources */,
			);
			runOnlyForDeploymentPostprocessing = 0;
		};
		BE05D1D31ABC71AC00C3DE8B /* Sources */ = {
			isa = PBXSourcesBuildPhase;
			buildActionMask = 2147483647;
			files = (
				BE05D1DE1ABC71AC00C3DE8B /* MermanTests.m in Sources */,
			);
			runOnlyForDeploymentPostprocessing = 0;
		};
/* End PBXSourcesBuildPhase section */

/* Begin PBXTargetDependency section */
		BE05D1D91ABC71AC00C3DE8B /* PBXTargetDependency */ = {
			isa = PBXTargetDependency;
			target = BE05D1BD1ABC71AC00C3DE8B /* Merman */;
			targetProxy = BE05D1D81ABC71AC00C3DE8B /* PBXContainerItemProxy */;
		};
/* End PBXTargetDependency section */

/* Begin PBXVariantGroup section */
		BE05D1D01ABC71AC00C3DE8B /* LaunchScreen.xib */ = {
			isa = PBXVariantGroup;
			children = (
				BE05D1D11ABC71AC00C3DE8B /* Base */,
			);
			name = LaunchScreen.xib;
			sourceTree = "<group>";
		};
/* End PBXVariantGroup section */

/* Begin XCBuildConfiguration section */
		BE05D1DF1ABC71AC00C3DE8B /* Debug */ = {
			isa = XCBuildConfiguration;
			buildSettings = {
				ALWAYS_SEARCH_USER_PATHS = NO;
				CLANG_CXX_LANGUAGE_STANDARD = "gnu++0x";
				CLANG_CXX_LIBRARY = "libc++";
				CLANG_ENABLE_MODULES = YES;
				CLANG_ENABLE_OBJC_ARC = YES;
				CLANG_WARN_BOOL_CONVERSION = YES;
				CLANG_WARN_CONSTANT_CONVERSION = YES;
				CLANG_WARN_DIRECT_OBJC_ISA_USAGE = YES_ERROR;
				CLANG_WARN_EMPTY_BODY = YES;
				CLANG_WARN_ENUM_CONVERSION = YES;
				CLANG_WARN_INT_CONVERSION = YES;
				CLANG_WARN_OBJC_ROOT_CLASS = YES_ERROR;
				CLANG_WARN_UNREACHABLE_CODE = YES;
				CLANG_WARN__DUPLICATE_METHOD_MATCH = YES;
				"CODE_SIGN_IDENTITY[sdk=iphoneos*]" = "iPhone Developer";
				COPY_PHASE_STRIP = NO;
				ENABLE_STRICT_OBJC_MSGSEND = YES;
				GCC_C_LANGUAGE_STANDARD = gnu99;
				GCC_DYNAMIC_NO_PIC = NO;
				GCC_OPTIMIZATION_LEVEL = 0;
				GCC_PREPROCESSOR_DEFINITIONS = (
					"DEBUG=1",
					"$(inherited)",
				);
				GCC_SYMBOLS_PRIVATE_EXTERN = NO;
				GCC_WARN_64_TO_32_BIT_CONVERSION = YES;
				GCC_WARN_ABOUT_RETURN_TYPE = YES_ERROR;
				GCC_WARN_UNDECLARED_SELECTOR = YES;
				GCC_WARN_UNINITIALIZED_AUTOS = YES_AGGRESSIVE;
				GCC_WARN_UNUSED_FUNCTION = YES;
				GCC_WARN_UNUSED_VARIABLE = YES;
				IPHONEOS_DEPLOYMENT_TARGET = 8.3;
				MTL_ENABLE_DEBUG_INFO = YES;
				ONLY_ACTIVE_ARCH = YES;
				SDKROOT = iphoneos;
				TARGETED_DEVICE_FAMILY = "1,2";
			};
			name = Debug;
		};
		BE05D1E01ABC71AC00C3DE8B /* Release */ = {
			isa = XCBuildConfiguration;
			buildSettings = {
				ALWAYS_SEARCH_USER_PATHS = NO;
				CLANG_CXX_LANGUAGE_STANDARD = "gnu++0x";
				CLANG_CXX_LIBRARY = "libc++";
				CLANG_ENABLE_MODULES = YES;
				CLANG_ENABLE_OBJC_ARC = YES;
				CLANG_WARN_BOOL_CONVERSION = YES;
				CLANG_WARN_CONSTANT_CONVERSION = YES;
				CLANG_WARN_DIRECT_OBJC_ISA_USAGE = YES_ERROR;
				CLANG_WARN_EMPTY_BODY = YES;
				CLANG_WARN_ENUM_CONVERSION = YES;
				CLANG_WARN_INT_CONVERSION = YES;
				CLANG_WARN_OBJC_ROOT_CLASS = YES_ERROR;
				CLANG_WARN_UNREACHABLE_CODE = YES;
				CLANG_WARN__DUPLICATE_METHOD_MATCH = YES;
				"CODE_SIGN_IDENTITY[sdk=iphoneos*]" = "iPhone Developer";
				COPY_PHASE_STRIP = YES;
				ENABLE_NS_ASSERTIONS = NO;
				ENABLE_STRICT_OBJC_MSGSEND = YES;
				GCC_C_LANGUAGE_STANDARD = gnu99;
				GCC_WARN_64_TO_32_BIT_CONVERSION = YES;
				GCC_WARN_ABOUT_RETURN_TYPE = YES_ERROR;
				GCC_WARN_UNDECLARED_SELECTOR = YES;
				GCC_WARN_UNINITIALIZED_AUTOS = YES_AGGRESSIVE;
				GCC_WARN_UNUSED_FUNCTION = YES;
				GCC_WARN_UNUSED_VARIABLE = YES;
				IPHONEOS_DEPLOYMENT_TARGET = 8.3;
				MTL_ENABLE_DEBUG_INFO = NO;
				SDKROOT = iphoneos;
				TARGETED_DEVICE_FAMILY = "1,2";
				VALIDATE_PRODUCT = YES;
			};
			name = Release;
		};
		BE05D1E21ABC71AC00C3DE8B /* Debug */ = {
			isa = XCBuildConfiguration;
			buildSettings = {
				ASSETCATALOG_COMPILER_APPICON_NAME = AppIcon;
				INFOPLIST_FILE = Merman/Info.plist;
				IPHONEOS_DEPLOYMENT_TARGET = 8.0;
				LD_RUNPATH_SEARCH_PATHS = "$(inherited) @executable_path/Frameworks";
				PRODUCT_NAME = "$(TARGET_NAME)";
				TARGETED_DEVICE_FAMILY = 1;
			};
			name = Debug;
		};
		BE05D1E31ABC71AC00C3DE8B /* Release */ = {
			isa = XCBuildConfiguration;
			buildSettings = {
				ASSETCATALOG_COMPILER_APPICON_NAME = AppIcon;
				INFOPLIST_FILE = Merman/Info.plist;
				IPHONEOS_DEPLOYMENT_TARGET = 8.0;
				LD_RUNPATH_SEARCH_PATHS = "$(inherited) @executable_path/Frameworks";
				PRODUCT_NAME = "$(TARGET_NAME)";
				TARGETED_DEVICE_FAMILY = 1;
			};
			name = Release;
		};
		BE05D1E51ABC71AC00C3DE8B /* Debug */ = {
			isa = XCBuildConfiguration;
			buildSettings = {
				BUNDLE_LOADER = "$(TEST_HOST)";
				FRAMEWORK_SEARCH_PATHS = (
					"$(SDKROOT)/Developer/Library/Frameworks",
					"$(inherited)",
				);
				GCC_PREPROCESSOR_DEFINITIONS = (
					"DEBUG=1",
					"$(inherited)",
				);
				INFOPLIST_FILE = MermanTests/Info.plist;
				LD_RUNPATH_SEARCH_PATHS = "$(inherited) @executable_path/Frameworks @loader_path/Frameworks";
				PRODUCT_NAME = "$(TARGET_NAME)";
				TEST_HOST = "$(BUILT_PRODUCTS_DIR)/Merman.app/Merman";
			};
			name = Debug;
		};
		BE05D1E61ABC71AC00C3DE8B /* Release */ = {
			isa = XCBuildConfiguration;
			buildSettings = {
				BUNDLE_LOADER = "$(TEST_HOST)";
				FRAMEWORK_SEARCH_PATHS = (
					"$(SDKROOT)/Developer/Library/Frameworks",
					"$(inherited)",
				);
				INFOPLIST_FILE = MermanTests/Info.plist;
				LD_RUNPATH_SEARCH_PATHS = "$(inherited) @executable_path/Frameworks @loader_path/Frameworks";
				PRODUCT_NAME = "$(TARGET_NAME)";
				TEST_HOST = "$(BUILT_PRODUCTS_DIR)/Merman.app/Merman";
			};
			name = Release;
		};
/* End XCBuildConfiguration section */

/* Begin XCConfigurationList section */
		BE05D1B91ABC71AC00C3DE8B /* Build configuration list for PBXProject "Merman" */ = {
			isa = XCConfigurationList;
			buildConfigurations = (
				BE05D1DF1ABC71AC00C3DE8B /* Debug */,
				BE05D1E01ABC71AC00C3DE8B /* Release */,
			);
			defaultConfigurationIsVisible = 0;
			defaultConfigurationName = Release;
		};
		BE05D1E11ABC71AC00C3DE8B /* Build configuration list for PBXNativeTarget "Merman" */ = {
			isa = XCConfigurationList;
			buildConfigurations = (
				BE05D1E21ABC71AC00C3DE8B /* Debug */,
				BE05D1E31ABC71AC00C3DE8B /* Release */,
			);
			defaultConfigurationIsVisible = 0;
			defaultConfigurationName = Release;
		};
		BE05D1E41ABC71AC00C3DE8B /* Build configuration list for PBXNativeTarget "MermanTests" */ = {
			isa = XCConfigurationList;
			buildConfigurations = (
				BE05D1E51ABC71AC00C3DE8B /* Debug */,
				BE05D1E61ABC71AC00C3DE8B /* Release */,
			);
			defaultConfigurationIsVisible = 0;
			defaultConfigurationName = Release;
		};
/* End XCConfigurationList section */
	};
	rootObject = BE05D1B61ABC71AC00C3DE8B /* Project object */;
}
